// !$*UTF8*$!
{
	archiveVersion = 1;
	classes = {
	};
	objectVersion = 56;
	objects = {

/* Begin PBXBuildFile section */
		036632BA2AF2BA6C00169B8E /* ApiCall.swift in Sources */ = {isa = PBXBuildFile; fileRef = 036632B92AF2BA6C00169B8E /* ApiCall.swift */; };
		036A6A442AF06887000B1696 /* AssessmentsApp.swift in Sources */ = {isa = PBXBuildFile; fileRef = 036A6A432AF06887000B1696 /* AssessmentsApp.swift */; };
		036A6A462AF06887000B1696 /* ContentView.swift in Sources */ = {isa = PBXBuildFile; fileRef = 036A6A452AF06887000B1696 /* ContentView.swift */; };
		036A6A482AF06888000B1696 /* Assets.xcassets in Resources */ = {isa = PBXBuildFile; fileRef = 036A6A472AF06888000B1696 /* Assets.xcassets */; };
		036A6A4B2AF06888000B1696 /* Preview Assets.xcassets in Resources */ = {isa = PBXBuildFile; fileRef = 036A6A4A2AF06888000B1696 /* Preview Assets.xcassets */; };
		036A6A552AF06888000B1696 /* AssessmentsTests.swift in Sources */ = {isa = PBXBuildFile; fileRef = 036A6A542AF06888000B1696 /* AssessmentsTests.swift */; };
		036A6A5F2AF06889000B1696 /* AssessmentsUITests.swift in Sources */ = {isa = PBXBuildFile; fileRef = 036A6A5E2AF06889000B1696 /* AssessmentsUITests.swift */; };
		036A6A612AF06889000B1696 /* AssessmentsUITestsLaunchTests.swift in Sources */ = {isa = PBXBuildFile; fileRef = 036A6A602AF06889000B1696 /* AssessmentsUITestsLaunchTests.swift */; };
		036A6A702AF06D19000B1696 /* HomeView.swift in Sources */ = {isa = PBXBuildFile; fileRef = 036A6A6F2AF06D19000B1696 /* HomeView.swift */; };
		0374C2B92AF070A0002FFA74 /* AssessmentsList.swift in Sources */ = {isa = PBXBuildFile; fileRef = 0374C2B82AF070A0002FFA74 /* AssessmentsList.swift */; };
		0374C2BB2AF070AC002FFA74 /* AssessmentsDetail.swift in Sources */ = {isa = PBXBuildFile; fileRef = 0374C2BA2AF070AC002FFA74 /* AssessmentsDetail.swift */; };
		0374C2BE2AF070EA002FFA74 /* NavList.swift in Sources */ = {isa = PBXBuildFile; fileRef = 0374C2BD2AF070EA002FFA74 /* NavList.swift */; };
		0374C2C12AF0720A002FFA74 /* ModelData.swift in Sources */ = {isa = PBXBuildFile; fileRef = 0374C2C02AF0720A002FFA74 /* ModelData.swift */; };
		0374C2C32AF07596002FFA74 /* assessmentData.json in Resources */ = {isa = PBXBuildFile; fileRef = 0374C2C22AF07596002FFA74 /* assessmentData.json */; };
		0374C2C62AF08161002FFA74 /* AssessmentRow.swift in Sources */ = {isa = PBXBuildFile; fileRef = 0374C2C52AF08161002FFA74 /* AssessmentRow.swift */; };
		4F9948A32AF17EAB0009F074 /* logo.svg in Resources */ = {isa = PBXBuildFile; fileRef = 4F9948A22AF17EAB0009F074 /* logo.svg */; };
		4F9948A52AF17EE70009F074 /* RithmLogo.swift in Sources */ = {isa = PBXBuildFile; fileRef = 4F9948A42AF17EE70009F074 /* RithmLogo.swift */; };
		4F9DDF2E2AF0771900AE808E /* AssessmentSession.swift in Sources */ = {isa = PBXBuildFile; fileRef = 4F9DDF2D2AF0771900AE808E /* AssessmentSession.swift */; };
		4F9DDF302AF0783500AE808E /* NavRow.swift in Sources */ = {isa = PBXBuildFile; fileRef = 4F9DDF2F2AF0783500AE808E /* NavRow.swift */; };
		4F9DDF372AF16B1600AE808E /* assessmentDetailData.json in Resources */ = {isa = PBXBuildFile; fileRef = 4F9DDF362AF16B1600AE808E /* assessmentDetailData.json */; };
/* End PBXBuildFile section */

/* Begin PBXContainerItemProxy section */
		036A6A512AF06888000B1696 /* PBXContainerItemProxy */ = {
			isa = PBXContainerItemProxy;
			containerPortal = 036A6A382AF06887000B1696 /* Project object */;
			proxyType = 1;
			remoteGlobalIDString = 036A6A3F2AF06887000B1696;
			remoteInfo = Assessments;
		};
		036A6A5B2AF06889000B1696 /* PBXContainerItemProxy */ = {
			isa = PBXContainerItemProxy;
			containerPortal = 036A6A382AF06887000B1696 /* Project object */;
			proxyType = 1;
			remoteGlobalIDString = 036A6A3F2AF06887000B1696;
			remoteInfo = Assessments;
		};
/* End PBXContainerItemProxy section */

/* Begin PBXFileReference section */
		036632B92AF2BA6C00169B8E /* ApiCall.swift */ = {isa = PBXFileReference; lastKnownFileType = sourcecode.swift; path = ApiCall.swift; sourceTree = "<group>"; };
		036A6A402AF06887000B1696 /* Assessments.app */ = {isa = PBXFileReference; explicitFileType = wrapper.application; includeInIndex = 0; path = Assessments.app; sourceTree = BUILT_PRODUCTS_DIR; };
		036A6A432AF06887000B1696 /* AssessmentsApp.swift */ = {isa = PBXFileReference; lastKnownFileType = sourcecode.swift; path = AssessmentsApp.swift; sourceTree = "<group>"; };
		036A6A452AF06887000B1696 /* ContentView.swift */ = {isa = PBXFileReference; lastKnownFileType = sourcecode.swift; path = ContentView.swift; sourceTree = "<group>"; };
		036A6A472AF06888000B1696 /* Assets.xcassets */ = {isa = PBXFileReference; lastKnownFileType = folder.assetcatalog; path = Assets.xcassets; sourceTree = "<group>"; };
		036A6A4A2AF06888000B1696 /* Preview Assets.xcassets */ = {isa = PBXFileReference; lastKnownFileType = folder.assetcatalog; path = "Preview Assets.xcassets"; sourceTree = "<group>"; };
		036A6A502AF06888000B1696 /* AssessmentsTests.xctest */ = {isa = PBXFileReference; explicitFileType = wrapper.cfbundle; includeInIndex = 0; path = AssessmentsTests.xctest; sourceTree = BUILT_PRODUCTS_DIR; };
		036A6A542AF06888000B1696 /* AssessmentsTests.swift */ = {isa = PBXFileReference; lastKnownFileType = sourcecode.swift; path = AssessmentsTests.swift; sourceTree = "<group>"; };
		036A6A5A2AF06889000B1696 /* AssessmentsUITests.xctest */ = {isa = PBXFileReference; explicitFileType = wrapper.cfbundle; includeInIndex = 0; path = AssessmentsUITests.xctest; sourceTree = BUILT_PRODUCTS_DIR; };
		036A6A5E2AF06889000B1696 /* AssessmentsUITests.swift */ = {isa = PBXFileReference; lastKnownFileType = sourcecode.swift; path = AssessmentsUITests.swift; sourceTree = "<group>"; };
		036A6A602AF06889000B1696 /* AssessmentsUITestsLaunchTests.swift */ = {isa = PBXFileReference; lastKnownFileType = sourcecode.swift; path = AssessmentsUITestsLaunchTests.swift; sourceTree = "<group>"; };
		036A6A6F2AF06D19000B1696 /* HomeView.swift */ = {isa = PBXFileReference; lastKnownFileType = sourcecode.swift; path = HomeView.swift; sourceTree = "<group>"; };
		0374C2B82AF070A0002FFA74 /* AssessmentsList.swift */ = {isa = PBXFileReference; lastKnownFileType = sourcecode.swift; path = AssessmentsList.swift; sourceTree = "<group>"; };
		0374C2BA2AF070AC002FFA74 /* AssessmentsDetail.swift */ = {isa = PBXFileReference; lastKnownFileType = sourcecode.swift; path = AssessmentsDetail.swift; sourceTree = "<group>"; };
		0374C2BD2AF070EA002FFA74 /* NavList.swift */ = {isa = PBXFileReference; lastKnownFileType = sourcecode.swift; path = NavList.swift; sourceTree = "<group>"; };
		0374C2C02AF0720A002FFA74 /* ModelData.swift */ = {isa = PBXFileReference; lastKnownFileType = sourcecode.swift; path = ModelData.swift; sourceTree = "<group>"; };
		0374C2C22AF07596002FFA74 /* assessmentData.json */ = {isa = PBXFileReference; fileEncoding = 4; lastKnownFileType = text.json; path = assessmentData.json; sourceTree = "<group>"; };
		0374C2C52AF08161002FFA74 /* AssessmentRow.swift */ = {isa = PBXFileReference; lastKnownFileType = sourcecode.swift; path = AssessmentRow.swift; sourceTree = "<group>"; };
		4F9948A22AF17EAB0009F074 /* logo.svg */ = {isa = PBXFileReference; fileEncoding = 4; lastKnownFileType = text.xml; path = logo.svg; sourceTree = "<group>"; };
		4F9948A42AF17EE70009F074 /* RithmLogo.swift */ = {isa = PBXFileReference; lastKnownFileType = sourcecode.swift; path = RithmLogo.swift; sourceTree = "<group>"; };
		4F9DDF2D2AF0771900AE808E /* AssessmentSession.swift */ = {isa = PBXFileReference; lastKnownFileType = sourcecode.swift; path = AssessmentSession.swift; sourceTree = "<group>"; };
		4F9DDF2F2AF0783500AE808E /* NavRow.swift */ = {isa = PBXFileReference; lastKnownFileType = sourcecode.swift; path = NavRow.swift; sourceTree = "<group>"; };
		4F9DDF362AF16B1600AE808E /* assessmentDetailData.json */ = {isa = PBXFileReference; fileEncoding = 4; lastKnownFileType = text.json; path = assessmentDetailData.json; sourceTree = "<group>"; };
/* End PBXFileReference section */

/* Begin PBXFrameworksBuildPhase section */
		036A6A3D2AF06887000B1696 /* Frameworks */ = {
			isa = PBXFrameworksBuildPhase;
			buildActionMask = 2147483647;
			files = (
			);
			runOnlyForDeploymentPostprocessing = 0;
		};
		036A6A4D2AF06888000B1696 /* Frameworks */ = {
			isa = PBXFrameworksBuildPhase;
			buildActionMask = 2147483647;
			files = (
			);
			runOnlyForDeploymentPostprocessing = 0;
		};
		036A6A572AF06889000B1696 /* Frameworks */ = {
			isa = PBXFrameworksBuildPhase;
			buildActionMask = 2147483647;
			files = (
			);
			runOnlyForDeploymentPostprocessing = 0;
		};
/* End PBXFrameworksBuildPhase section */

/* Begin PBXGroup section */
		036A6A372AF06887000B1696 = {
			isa = PBXGroup;
			children = (
				4F9948A62AF182EF0009F074 /* Authorization */,
				036A6A6E2AF06CF2000B1696 /* Homepage */,
				036A6A422AF06887000B1696 /* Assessments */,
				036A6A532AF06888000B1696 /* AssessmentsTests */,
				036A6A5D2AF06889000B1696 /* AssessmentsUITests */,
				036A6A412AF06887000B1696 /* Products */,
			);
			sourceTree = "<group>";
		};
		036A6A412AF06887000B1696 /* Products */ = {
			isa = PBXGroup;
			children = (
				036A6A402AF06887000B1696 /* Assessments.app */,
				036A6A502AF06888000B1696 /* AssessmentsTests.xctest */,
				036A6A5A2AF06889000B1696 /* AssessmentsUITests.xctest */,
			);
			name = Products;
			sourceTree = "<group>";
		};
		036A6A422AF06887000B1696 /* Assessments */ = {
			isa = PBXGroup;
			children = (
				036A6A432AF06887000B1696 /* AssessmentsApp.swift */,
				036A6A452AF06887000B1696 /* ContentView.swift */,
				036632B92AF2BA6C00169B8E /* ApiCall.swift */,
				0374C2C42AF075A8002FFA74 /* Resources */,
				0374C2BF2AF071EC002FFA74 /* Model */,
				036A6A6D2AF06CB4000B1696 /* Views */,
				036A6A472AF06888000B1696 /* Assets.xcassets */,
				4F9948A22AF17EAB0009F074 /* logo.svg */,
				036A6A492AF06888000B1696 /* Preview Content */,
			);
			path = Assessments;
			sourceTree = "<group>";
		};
		036A6A492AF06888000B1696 /* Preview Content */ = {
			isa = PBXGroup;
			children = (
				036A6A4A2AF06888000B1696 /* Preview Assets.xcassets */,
			);
			path = "Preview Content";
			sourceTree = "<group>";
		};
		036A6A532AF06888000B1696 /* AssessmentsTests */ = {
			isa = PBXGroup;
			children = (
				036A6A542AF06888000B1696 /* AssessmentsTests.swift */,
			);
			path = AssessmentsTests;
			sourceTree = "<group>";
		};
		036A6A5D2AF06889000B1696 /* AssessmentsUITests */ = {
			isa = PBXGroup;
			children = (
				036A6A5E2AF06889000B1696 /* AssessmentsUITests.swift */,
				036A6A602AF06889000B1696 /* AssessmentsUITestsLaunchTests.swift */,
			);
			path = AssessmentsUITests;
			sourceTree = "<group>";
		};
		036A6A6D2AF06CB4000B1696 /* Views */ = {
			isa = PBXGroup;
			children = (
				0374C2B82AF070A0002FFA74 /* AssessmentsList.swift */,
				0374C2C52AF08161002FFA74 /* AssessmentRow.swift */,
				0374C2BA2AF070AC002FFA74 /* AssessmentsDetail.swift */,
				4F9948A42AF17EE70009F074 /* RithmLogo.swift */,
			);
			path = Views;
			sourceTree = "<group>";
		};
		036A6A6E2AF06CF2000B1696 /* Homepage */ = {
			isa = PBXGroup;
			children = (
				036A6A6F2AF06D19000B1696 /* HomeView.swift */,
				0374C2BD2AF070EA002FFA74 /* NavList.swift */,
				4F9DDF2F2AF0783500AE808E /* NavRow.swift */,
			);
			path = Homepage;
			sourceTree = "<group>";
		};
		0374C2BF2AF071EC002FFA74 /* Model */ = {
			isa = PBXGroup;
			children = (
				0374C2C02AF0720A002FFA74 /* ModelData.swift */,
				4F9DDF2D2AF0771900AE808E /* AssessmentSession.swift */,
			);
			path = Model;
			sourceTree = "<group>";
		};
		0374C2C42AF075A8002FFA74 /* Resources */ = {
			isa = PBXGroup;
			children = (
				4F9DDF362AF16B1600AE808E /* assessmentDetailData.json */,
				0374C2C22AF07596002FFA74 /* assessmentData.json */,
			);
			path = Resources;
			sourceTree = "<group>";
		};
		4F9948A62AF182EF0009F074 /* Authorization */ = {
			isa = PBXGroup;
			children = (
			);
			path = Authorization;
			sourceTree = "<group>";
		};
/* End PBXGroup section */

/* Begin PBXNativeTarget section */
		036A6A3F2AF06887000B1696 /* Assessments */ = {
			isa = PBXNativeTarget;
			buildConfigurationList = 036A6A642AF06889000B1696 /* Build configuration list for PBXNativeTarget "Assessments" */;
			buildPhases = (
				036A6A3C2AF06887000B1696 /* Sources */,
				036A6A3D2AF06887000B1696 /* Frameworks */,
				036A6A3E2AF06887000B1696 /* Resources */,
			);
			buildRules = (
			);
			dependencies = (
			);
			name = Assessments;
			productName = Assessments;
			productReference = 036A6A402AF06887000B1696 /* Assessments.app */;
			productType = "com.apple.product-type.application";
		};
		036A6A4F2AF06888000B1696 /* AssessmentsTests */ = {
			isa = PBXNativeTarget;
			buildConfigurationList = 036A6A672AF06889000B1696 /* Build configuration list for PBXNativeTarget "AssessmentsTests" */;
			buildPhases = (
				036A6A4C2AF06888000B1696 /* Sources */,
				036A6A4D2AF06888000B1696 /* Frameworks */,
				036A6A4E2AF06888000B1696 /* Resources */,
			);
			buildRules = (
			);
			dependencies = (
				036A6A522AF06888000B1696 /* PBXTargetDependency */,
			);
			name = AssessmentsTests;
			productName = AssessmentsTests;
			productReference = 036A6A502AF06888000B1696 /* AssessmentsTests.xctest */;
			productType = "com.apple.product-type.bundle.unit-test";
		};
		036A6A592AF06889000B1696 /* AssessmentsUITests */ = {
			isa = PBXNativeTarget;
			buildConfigurationList = 036A6A6A2AF06889000B1696 /* Build configuration list for PBXNativeTarget "AssessmentsUITests" */;
			buildPhases = (
				036A6A562AF06889000B1696 /* Sources */,
				036A6A572AF06889000B1696 /* Frameworks */,
				036A6A582AF06889000B1696 /* Resources */,
			);
			buildRules = (
			);
			dependencies = (
				036A6A5C2AF06889000B1696 /* PBXTargetDependency */,
			);
			name = AssessmentsUITests;
			productName = AssessmentsUITests;
			productReference = 036A6A5A2AF06889000B1696 /* AssessmentsUITests.xctest */;
			productType = "com.apple.product-type.bundle.ui-testing";
		};
/* End PBXNativeTarget section */

/* Begin PBXProject section */
		036A6A382AF06887000B1696 /* Project object */ = {
			isa = PBXProject;
			attributes = {
				BuildIndependentTargetsInParallel = 1;
				LastSwiftUpdateCheck = 1430;
				LastUpgradeCheck = 1430;
				TargetAttributes = {
					036A6A3F2AF06887000B1696 = {
						CreatedOnToolsVersion = 14.3;
					};
					036A6A4F2AF06888000B1696 = {
						CreatedOnToolsVersion = 14.3;
						TestTargetID = 036A6A3F2AF06887000B1696;
					};
					036A6A592AF06889000B1696 = {
						CreatedOnToolsVersion = 14.3;
						TestTargetID = 036A6A3F2AF06887000B1696;
					};
				};
			};
			buildConfigurationList = 036A6A3B2AF06887000B1696 /* Build configuration list for PBXProject "Assessments" */;
			compatibilityVersion = "Xcode 14.0";
			developmentRegion = en;
			hasScannedForEncodings = 0;
			knownRegions = (
				en,
				Base,
			);
			mainGroup = 036A6A372AF06887000B1696;
			productRefGroup = 036A6A412AF06887000B1696 /* Products */;
			projectDirPath = "";
			projectRoot = "";
			targets = (
				036A6A3F2AF06887000B1696 /* Assessments */,
				036A6A4F2AF06888000B1696 /* AssessmentsTests */,
				036A6A592AF06889000B1696 /* AssessmentsUITests */,
			);
		};
/* End PBXProject section */

/* Begin PBXResourcesBuildPhase section */
		036A6A3E2AF06887000B1696 /* Resources */ = {
			isa = PBXResourcesBuildPhase;
			buildActionMask = 2147483647;
			files = (
				0374C2C32AF07596002FFA74 /* assessmentData.json in Resources */,
				4F9DDF372AF16B1600AE808E /* assessmentDetailData.json in Resources */,
				4F9948A32AF17EAB0009F074 /* logo.svg in Resources */,
				036A6A4B2AF06888000B1696 /* Preview Assets.xcassets in Resources */,
				036A6A482AF06888000B1696 /* Assets.xcassets in Resources */,
			);
			runOnlyForDeploymentPostprocessing = 0;
		};
		036A6A4E2AF06888000B1696 /* Resources */ = {
			isa = PBXResourcesBuildPhase;
			buildActionMask = 2147483647;
			files = (
			);
			runOnlyForDeploymentPostprocessing = 0;
		};
		036A6A582AF06889000B1696 /* Resources */ = {
			isa = PBXResourcesBuildPhase;
			buildActionMask = 2147483647;
			files = (
			);
			runOnlyForDeploymentPostprocessing = 0;
		};
/* End PBXResourcesBuildPhase section */

/* Begin PBXSourcesBuildPhase section */
		036A6A3C2AF06887000B1696 /* Sources */ = {
			isa = PBXSourcesBuildPhase;
			buildActionMask = 2147483647;
			files = (
				036A6A462AF06887000B1696 /* ContentView.swift in Sources */,
				0374C2BE2AF070EA002FFA74 /* NavList.swift in Sources */,
				4F9948A52AF17EE70009F074 /* RithmLogo.swift in Sources */,
				0374C2B92AF070A0002FFA74 /* AssessmentsList.swift in Sources */,
				0374C2BB2AF070AC002FFA74 /* AssessmentsDetail.swift in Sources */,
				4F9DDF2E2AF0771900AE808E /* AssessmentSession.swift in Sources */,
				036A6A442AF06887000B1696 /* AssessmentsApp.swift in Sources */,
				0374C2C62AF08161002FFA74 /* AssessmentRow.swift in Sources */,
				4F9DDF302AF0783500AE808E /* NavRow.swift in Sources */,
				036A6A702AF06D19000B1696 /* HomeView.swift in Sources */,
				036632BA2AF2BA6C00169B8E /* ApiCall.swift in Sources */,
				0374C2C12AF0720A002FFA74 /* ModelData.swift in Sources */,
			);
			runOnlyForDeploymentPostprocessing = 0;
		};
		036A6A4C2AF06888000B1696 /* Sources */ = {
			isa = PBXSourcesBuildPhase;
			buildActionMask = 2147483647;
			files = (
				036A6A552AF06888000B1696 /* AssessmentsTests.swift in Sources */,
			);
			runOnlyForDeploymentPostprocessing = 0;
		};
		036A6A562AF06889000B1696 /* Sources */ = {
			isa = PBXSourcesBuildPhase;
			buildActionMask = 2147483647;
			files = (
				036A6A612AF06889000B1696 /* AssessmentsUITestsLaunchTests.swift in Sources */,
				036A6A5F2AF06889000B1696 /* AssessmentsUITests.swift in Sources */,
			);
			runOnlyForDeploymentPostprocessing = 0;
		};
/* End PBXSourcesBuildPhase section */

/* Begin PBXTargetDependency section */
		036A6A522AF06888000B1696 /* PBXTargetDependency */ = {
			isa = PBXTargetDependency;
			target = 036A6A3F2AF06887000B1696 /* Assessments */;
			targetProxy = 036A6A512AF06888000B1696 /* PBXContainerItemProxy */;
		};
		036A6A5C2AF06889000B1696 /* PBXTargetDependency */ = {
			isa = PBXTargetDependency;
			target = 036A6A3F2AF06887000B1696 /* Assessments */;
			targetProxy = 036A6A5B2AF06889000B1696 /* PBXContainerItemProxy */;
		};
/* End PBXTargetDependency section */

/* Begin XCBuildConfiguration section */
		036A6A622AF06889000B1696 /* Debug */ = {
			isa = XCBuildConfiguration;
			buildSettings = {
				ALWAYS_SEARCH_USER_PATHS = NO;
				CLANG_ANALYZER_NONNULL = YES;
				CLANG_ANALYZER_NUMBER_OBJECT_CONVERSION = YES_AGGRESSIVE;
				CLANG_CXX_LANGUAGE_STANDARD = "gnu++20";
				CLANG_ENABLE_MODULES = YES;
				CLANG_ENABLE_OBJC_ARC = YES;
				CLANG_ENABLE_OBJC_WEAK = YES;
				CLANG_WARN_BLOCK_CAPTURE_AUTORELEASING = YES;
				CLANG_WARN_BOOL_CONVERSION = YES;
				CLANG_WARN_COMMA = YES;
				CLANG_WARN_CONSTANT_CONVERSION = YES;
				CLANG_WARN_DEPRECATED_OBJC_IMPLEMENTATIONS = YES;
				CLANG_WARN_DIRECT_OBJC_ISA_USAGE = YES_ERROR;
				CLANG_WARN_DOCUMENTATION_COMMENTS = YES;
				CLANG_WARN_EMPTY_BODY = YES;
				CLANG_WARN_ENUM_CONVERSION = YES;
				CLANG_WARN_INFINITE_RECURSION = YES;
				CLANG_WARN_INT_CONVERSION = YES;
				CLANG_WARN_NON_LITERAL_NULL_CONVERSION = YES;
				CLANG_WARN_OBJC_IMPLICIT_RETAIN_SELF = YES;
				CLANG_WARN_OBJC_LITERAL_CONVERSION = YES;
				CLANG_WARN_OBJC_ROOT_CLASS = YES_ERROR;
				CLANG_WARN_QUOTED_INCLUDE_IN_FRAMEWORK_HEADER = YES;
				CLANG_WARN_RANGE_LOOP_ANALYSIS = YES;
				CLANG_WARN_STRICT_PROTOTYPES = YES;
				CLANG_WARN_SUSPICIOUS_MOVE = YES;
				CLANG_WARN_UNGUARDED_AVAILABILITY = YES_AGGRESSIVE;
				CLANG_WARN_UNREACHABLE_CODE = YES;
				CLANG_WARN__DUPLICATE_METHOD_MATCH = YES;
				COPY_PHASE_STRIP = NO;
				DEBUG_INFORMATION_FORMAT = dwarf;
				ENABLE_STRICT_OBJC_MSGSEND = YES;
				ENABLE_TESTABILITY = YES;
				GCC_C_LANGUAGE_STANDARD = gnu11;
				GCC_DYNAMIC_NO_PIC = NO;
				GCC_NO_COMMON_BLOCKS = YES;
				GCC_OPTIMIZATION_LEVEL = 0;
				GCC_PREPROCESSOR_DEFINITIONS = (
					"DEBUG=1",
					"$(inherited)",
				);
				GCC_WARN_64_TO_32_BIT_CONVERSION = YES;
				GCC_WARN_ABOUT_RETURN_TYPE = YES_ERROR;
				GCC_WARN_UNDECLARED_SELECTOR = YES;
				GCC_WARN_UNINITIALIZED_AUTOS = YES_AGGRESSIVE;
				GCC_WARN_UNUSED_FUNCTION = YES;
				GCC_WARN_UNUSED_VARIABLE = YES;
				IPHONEOS_DEPLOYMENT_TARGET = 16.4;
				MTL_ENABLE_DEBUG_INFO = INCLUDE_SOURCE;
				MTL_FAST_MATH = YES;
				ONLY_ACTIVE_ARCH = YES;
				SDKROOT = iphoneos;
				SWIFT_ACTIVE_COMPILATION_CONDITIONS = DEBUG;
				SWIFT_OPTIMIZATION_LEVEL = "-Onone";
			};
			name = Debug;
		};
		036A6A632AF06889000B1696 /* Release */ = {
			isa = XCBuildConfiguration;
			buildSettings = {
				ALWAYS_SEARCH_USER_PATHS = NO;
				CLANG_ANALYZER_NONNULL = YES;
				CLANG_ANALYZER_NUMBER_OBJECT_CONVERSION = YES_AGGRESSIVE;
				CLANG_CXX_LANGUAGE_STANDARD = "gnu++20";
				CLANG_ENABLE_MODULES = YES;
				CLANG_ENABLE_OBJC_ARC = YES;
				CLANG_ENABLE_OBJC_WEAK = YES;
				CLANG_WARN_BLOCK_CAPTURE_AUTORELEASING = YES;
				CLANG_WARN_BOOL_CONVERSION = YES;
				CLANG_WARN_COMMA = YES;
				CLANG_WARN_CONSTANT_CONVERSION = YES;
				CLANG_WARN_DEPRECATED_OBJC_IMPLEMENTATIONS = YES;
				CLANG_WARN_DIRECT_OBJC_ISA_USAGE = YES_ERROR;
				CLANG_WARN_DOCUMENTATION_COMMENTS = YES;
				CLANG_WARN_EMPTY_BODY = YES;
				CLANG_WARN_ENUM_CONVERSION = YES;
				CLANG_WARN_INFINITE_RECURSION = YES;
				CLANG_WARN_INT_CONVERSION = YES;
				CLANG_WARN_NON_LITERAL_NULL_CONVERSION = YES;
				CLANG_WARN_OBJC_IMPLICIT_RETAIN_SELF = YES;
				CLANG_WARN_OBJC_LITERAL_CONVERSION = YES;
				CLANG_WARN_OBJC_ROOT_CLASS = YES_ERROR;
				CLANG_WARN_QUOTED_INCLUDE_IN_FRAMEWORK_HEADER = YES;
				CLANG_WARN_RANGE_LOOP_ANALYSIS = YES;
				CLANG_WARN_STRICT_PROTOTYPES = YES;
				CLANG_WARN_SUSPICIOUS_MOVE = YES;
				CLANG_WARN_UNGUARDED_AVAILABILITY = YES_AGGRESSIVE;
				CLANG_WARN_UNREACHABLE_CODE = YES;
				CLANG_WARN__DUPLICATE_METHOD_MATCH = YES;
				COPY_PHASE_STRIP = NO;
				DEBUG_INFORMATION_FORMAT = "dwarf-with-dsym";
				ENABLE_NS_ASSERTIONS = NO;
				ENABLE_STRICT_OBJC_MSGSEND = YES;
				GCC_C_LANGUAGE_STANDARD = gnu11;
				GCC_NO_COMMON_BLOCKS = YES;
				GCC_WARN_64_TO_32_BIT_CONVERSION = YES;
				GCC_WARN_ABOUT_RETURN_TYPE = YES_ERROR;
				GCC_WARN_UNDECLARED_SELECTOR = YES;
				GCC_WARN_UNINITIALIZED_AUTOS = YES_AGGRESSIVE;
				GCC_WARN_UNUSED_FUNCTION = YES;
				GCC_WARN_UNUSED_VARIABLE = YES;
				IPHONEOS_DEPLOYMENT_TARGET = 16.4;
				MTL_ENABLE_DEBUG_INFO = NO;
				MTL_FAST_MATH = YES;
				SDKROOT = iphoneos;
				SWIFT_COMPILATION_MODE = wholemodule;
				SWIFT_OPTIMIZATION_LEVEL = "-O";
				VALIDATE_PRODUCT = YES;
			};
			name = Release;
		};
		036A6A652AF06889000B1696 /* Debug */ = {
			isa = XCBuildConfiguration;
			buildSettings = {
				ASSETCATALOG_COMPILER_APPICON_NAME = AppIcon;
				ASSETCATALOG_COMPILER_GLOBAL_ACCENT_COLOR_NAME = AccentColor;
				CODE_SIGN_STYLE = Automatic;
				CURRENT_PROJECT_VERSION = 1;
				DEVELOPMENT_ASSET_PATHS = "\"Assessments/Preview Content\"";
				ENABLE_PREVIEWS = YES;
				GENERATE_INFOPLIST_FILE = YES;
				INFOPLIST_KEY_UIApplicationSceneManifest_Generation = YES;
				INFOPLIST_KEY_UIApplicationSupportsIndirectInputEvents = YES;
				INFOPLIST_KEY_UILaunchScreen_Generation = YES;
				INFOPLIST_KEY_UISupportedInterfaceOrientations_iPad = "UIInterfaceOrientationPortrait UIInterfaceOrientationPortraitUpsideDown UIInterfaceOrientationLandscapeLeft UIInterfaceOrientationLandscapeRight";
				INFOPLIST_KEY_UISupportedInterfaceOrientations_iPhone = "UIInterfaceOrientationPortrait UIInterfaceOrientationLandscapeLeft UIInterfaceOrientationLandscapeRight";
				LD_RUNPATH_SEARCH_PATHS = (
					"$(inherited)",
					"@executable_path/Frameworks",
				);
				MARKETING_VERSION = 1.0;
				PRODUCT_BUNDLE_IDENTIFIER = r33.Assessments;
				PRODUCT_NAME = "$(TARGET_NAME)";
				SWIFT_EMIT_LOC_STRINGS = YES;
				SWIFT_VERSION = 5.0;
				TARGETED_DEVICE_FAMILY = "1,2";
			};
			name = Debug;
		};
		036A6A662AF06889000B1696 /* Release */ = {
			isa = XCBuildConfiguration;
			buildSettings = {
				ASSETCATALOG_COMPILER_APPICON_NAME = AppIcon;
				ASSETCATALOG_COMPILER_GLOBAL_ACCENT_COLOR_NAME = AccentColor;
				CODE_SIGN_STYLE = Automatic;
				CURRENT_PROJECT_VERSION = 1;
				DEVELOPMENT_ASSET_PATHS = "\"Assessments/Preview Content\"";
				ENABLE_PREVIEWS = YES;
				GENERATE_INFOPLIST_FILE = YES;
				INFOPLIST_KEY_UIApplicationSceneManifest_Generation = YES;
				INFOPLIST_KEY_UIApplicationSupportsIndirectInputEvents = YES;
				INFOPLIST_KEY_UILaunchScreen_Generation = YES;
				INFOPLIST_KEY_UISupportedInterfaceOrientations_iPad = "UIInterfaceOrientationPortrait UIInterfaceOrientationPortraitUpsideDown UIInterfaceOrientationLandscapeLeft UIInterfaceOrientationLandscapeRight";
				INFOPLIST_KEY_UISupportedInterfaceOrientations_iPhone = "UIInterfaceOrientationPortrait UIInterfaceOrientationLandscapeLeft UIInterfaceOrientationLandscapeRight";
				LD_RUNPATH_SEARCH_PATHS = (
					"$(inherited)",
					"@executable_path/Frameworks",
				);
				MARKETING_VERSION = 1.0;
				PRODUCT_BUNDLE_IDENTIFIER = r33.Assessments;
				PRODUCT_NAME = "$(TARGET_NAME)";
				SWIFT_EMIT_LOC_STRINGS = YES;
				SWIFT_VERSION = 5.0;
				TARGETED_DEVICE_FAMILY = "1,2";
			};
			name = Release;
		};
		036A6A682AF06889000B1696 /* Debug */ = {
			isa = XCBuildConfiguration;
			buildSettings = {
				ALWAYS_EMBED_SWIFT_STANDARD_LIBRARIES = YES;
				BUNDLE_LOADER = "$(TEST_HOST)";
				CODE_SIGN_STYLE = Automatic;
				CURRENT_PROJECT_VERSION = 1;
				GENERATE_INFOPLIST_FILE = YES;
				IPHONEOS_DEPLOYMENT_TARGET = 16.4;
				MARKETING_VERSION = 1.0;
				PRODUCT_BUNDLE_IDENTIFIER = r33.AssessmentsTests;
				PRODUCT_NAME = "$(TARGET_NAME)";
				SWIFT_EMIT_LOC_STRINGS = NO;
				SWIFT_VERSION = 5.0;
				TARGETED_DEVICE_FAMILY = "1,2";
				TEST_HOST = "$(BUILT_PRODUCTS_DIR)/Assessments.app/$(BUNDLE_EXECUTABLE_FOLDER_PATH)/Assessments";
			};
			name = Debug;
		};
		036A6A692AF06889000B1696 /* Release */ = {
			isa = XCBuildConfiguration;
			buildSettings = {
				ALWAYS_EMBED_SWIFT_STANDARD_LIBRARIES = YES;
				BUNDLE_LOADER = "$(TEST_HOST)";
				CODE_SIGN_STYLE = Automatic;
				CURRENT_PROJECT_VERSION = 1;
				GENERATE_INFOPLIST_FILE = YES;
				IPHONEOS_DEPLOYMENT_TARGET = 16.4;
				MARKETING_VERSION = 1.0;
				PRODUCT_BUNDLE_IDENTIFIER = r33.AssessmentsTests;
				PRODUCT_NAME = "$(TARGET_NAME)";
				SWIFT_EMIT_LOC_STRINGS = NO;
				SWIFT_VERSION = 5.0;
				TARGETED_DEVICE_FAMILY = "1,2";
				TEST_HOST = "$(BUILT_PRODUCTS_DIR)/Assessments.app/$(BUNDLE_EXECUTABLE_FOLDER_PATH)/Assessments";
			};
			name = Release;
		};
		036A6A6B2AF06889000B1696 /* Debug */ = {
			isa = XCBuildConfiguration;
			buildSettings = {
				ALWAYS_EMBED_SWIFT_STANDARD_LIBRARIES = YES;
				CODE_SIGN_STYLE = Automatic;
				CURRENT_PROJECT_VERSION = 1;
				GENERATE_INFOPLIST_FILE = YES;
				MARKETING_VERSION = 1.0;
				PRODUCT_BUNDLE_IDENTIFIER = r33.AssessmentsUITests;
				PRODUCT_NAME = "$(TARGET_NAME)";
				SWIFT_EMIT_LOC_STRINGS = NO;
				SWIFT_VERSION = 5.0;
				TARGETED_DEVICE_FAMILY = "1,2";
				TEST_TARGET_NAME = Assessments;
			};
			name = Debug;
		};
		036A6A6C2AF06889000B1696 /* Release */ = {
			isa = XCBuildConfiguration;
			buildSettings = {
				ALWAYS_EMBED_SWIFT_STANDARD_LIBRARIES = YES;
				CODE_SIGN_STYLE = Automatic;
				CURRENT_PROJECT_VERSION = 1;
				GENERATE_INFOPLIST_FILE = YES;
				MARKETING_VERSION = 1.0;
				PRODUCT_BUNDLE_IDENTIFIER = r33.AssessmentsUITests;
				PRODUCT_NAME = "$(TARGET_NAME)";
				SWIFT_EMIT_LOC_STRINGS = NO;
				SWIFT_VERSION = 5.0;
				TARGETED_DEVICE_FAMILY = "1,2";
				TEST_TARGET_NAME = Assessments;
			};
			name = Release;
		};
/* End XCBuildConfiguration section */

/* Begin XCConfigurationList section */
		036A6A3B2AF06887000B1696 /* Build configuration list for PBXProject "Assessments" */ = {
			isa = XCConfigurationList;
			buildConfigurations = (
				036A6A622AF06889000B1696 /* Debug */,
				036A6A632AF06889000B1696 /* Release */,
			);
			defaultConfigurationIsVisible = 0;
			defaultConfigurationName = Release;
		};
		036A6A642AF06889000B1696 /* Build configuration list for PBXNativeTarget "Assessments" */ = {
			isa = XCConfigurationList;
			buildConfigurations = (
				036A6A652AF06889000B1696 /* Debug */,
				036A6A662AF06889000B1696 /* Release */,
			);
			defaultConfigurationIsVisible = 0;
			defaultConfigurationName = Release;
		};
		036A6A672AF06889000B1696 /* Build configuration list for PBXNativeTarget "AssessmentsTests" */ = {
			isa = XCConfigurationList;
			buildConfigurations = (
				036A6A682AF06889000B1696 /* Debug */,
				036A6A692AF06889000B1696 /* Release */,
			);
			defaultConfigurationIsVisible = 0;
			defaultConfigurationName = Release;
		};
		036A6A6A2AF06889000B1696 /* Build configuration list for PBXNativeTarget "AssessmentsUITests" */ = {
			isa = XCConfigurationList;
			buildConfigurations = (
				036A6A6B2AF06889000B1696 /* Debug */,
				036A6A6C2AF06889000B1696 /* Release */,
			);
			defaultConfigurationIsVisible = 0;
			defaultConfigurationName = Release;
		};
/* End XCConfigurationList section */
	};
	rootObject = 036A6A382AF06887000B1696 /* Project object */;
}
